
Microsoft Visual Studio Solution File, Format Version 12.00
# Visual Studio Version 17
VisualStudioVersion = 17.2.32519.379
MinimumVisualStudioVersion = 10.0.40219.1
Project("{FAE04EC0-301F-11D3-BF4B-00C04F79EFBC}") = "FluentBuilder", "FluentBuilder.csproj", "{ADBE1373-093E-4483-B531-0CDAD5B8A51A}"
EndProject
Global
	GlobalSection(SolutionConfigurationPlatforms) = preSolution
		Debug|Any CPU = Debug|Any CPU
		Release|Any CPU = Release|Any CPU
	EndGlobalSection
	GlobalSection(ProjectConfigurationPlatforms) = postSolution
		{ADBE1373-093E-4483-B531-0CDAD5B8A51A}.Debug|Any CPU.ActiveCfg = Debug|Any CPU
		{ADBE1373-093E-4483-B531-0CDAD5B8A51A}.Debug|Any CPU.Build.0 = Debug|Any CPU
		{ADBE1373-093E-4483-B531-0CDAD5B8A51A}.Release|Any CPU.ActiveCfg = Release|Any CPU
		{ADBE1373-093E-4483-B531-0CDAD5B8A51A}.Release|Any CPU.Build.0 = Release|Any CPU
	EndGlobalSection
	GlobalSection(SolutionProperties) = preSolution
		HideSolutionNode = FALSE
	EndGlobalSection
	GlobalSection(ExtensibilityGlobals) = postSolution
		SolutionGuid = {4BB76D17-A0D9-48D7-BE8E-59876D8AFCC2}
	EndGlobalSection
EndGlobal
